// !$*UTF8*$!
{
	archiveVersion = 1;
	classes = {
	};
	objectVersion = 56;
	objects = {

/* Begin PBXBuildFile section */
		B2C1C45C2A2046D400EF6707 /* LiveTextInteractionView.swift in Sources */ = {isa = PBXBuildFile; fileRef = B2C1C45B2A2046D400EF6707 /* LiveTextInteractionView.swift */; };
		B2D66ABE2A1DBC2000826DAB /* Muhtas2ProjeApp.swift in Sources */ = {isa = PBXBuildFile; fileRef = B2D66ABD2A1DBC2000826DAB /* Muhtas2ProjeApp.swift */; };
		B2D66AC02A1DBC2000826DAB /* ContentView.swift in Sources */ = {isa = PBXBuildFile; fileRef = B2D66ABF2A1DBC2000826DAB /* ContentView.swift */; };
		B2D66AC22A1DBC2100826DAB /* Assets.xcassets in Resources */ = {isa = PBXBuildFile; fileRef = B2D66AC12A1DBC2100826DAB /* Assets.xcassets */; };
		B2D66AC52A1DBC2100826DAB /* Preview Assets.xcassets in Resources */ = {isa = PBXBuildFile; fileRef = B2D66AC42A1DBC2100826DAB /* Preview Assets.xcassets */; };
		B2D66ACC2A1DBC4E00826DAB /* ScannerViewModel.swift in Sources */ = {isa = PBXBuildFile; fileRef = B2D66ACB2A1DBC4E00826DAB /* ScannerViewModel.swift */; };
		B2D66ACE2A1DBC6000826DAB /* DataScannerView.swift in Sources */ = {isa = PBXBuildFile; fileRef = B2D66ACD2A1DBC6000826DAB /* DataScannerView.swift */; };
/* End PBXBuildFile section */

/* Begin PBXFileReference section */
		B2C1C45B2A2046D400EF6707 /* LiveTextInteractionView.swift */ = {isa = PBXFileReference; lastKnownFileType = sourcecode.swift; path = LiveTextInteractionView.swift; sourceTree = "<group>"; };
		B2C1C45D2A22E5C700EF6707 /* Info.plist */ = {isa = PBXFileReference; lastKnownFileType = text.plist; path = Info.plist; sourceTree = "<group>"; };
		B2D66ABA2A1DBC2000826DAB /* Muhtas2Proje.app */ = {isa = PBXFileReference; explicitFileType = wrapper.application; includeInIndex = 0; path = Muhtas2Proje.app; sourceTree = BUILT_PRODUCTS_DIR; };
		B2D66ABD2A1DBC2000826DAB /* Muhtas2ProjeApp.swift */ = {isa = PBXFileReference; lastKnownFileType = sourcecode.swift; path = Muhtas2ProjeApp.swift; sourceTree = "<group>"; };
		B2D66ABF2A1DBC2000826DAB /* ContentView.swift */ = {isa = PBXFileReference; lastKnownFileType = sourcecode.swift; path = ContentView.swift; sourceTree = "<group>"; };
		B2D66AC12A1DBC2100826DAB /* Assets.xcassets */ = {isa = PBXFileReference; lastKnownFileType = folder.assetcatalog; path = Assets.xcassets; sourceTree = "<group>"; };
		B2D66AC42A1DBC2100826DAB /* Preview Assets.xcassets */ = {isa = PBXFileReference; lastKnownFileType = folder.assetcatalog; path = "Preview Assets.xcassets"; sourceTree = "<group>"; };
		B2D66ACB2A1DBC4E00826DAB /* ScannerViewModel.swift */ = {isa = PBXFileReference; lastKnownFileType = sourcecode.swift; path = ScannerViewModel.swift; sourceTree = "<group>"; };
		B2D66ACD2A1DBC6000826DAB /* DataScannerView.swift */ = {isa = PBXFileReference; lastKnownFileType = sourcecode.swift; path = DataScannerView.swift; sourceTree = "<group>"; };
/* End PBXFileReference section */

/* Begin PBXFrameworksBuildPhase section */
		B2D66AB72A1DBC2000826DAB /* Frameworks */ = {
			isa = PBXFrameworksBuildPhase;
			buildActionMask = 2147483647;
			files = (
			);
			runOnlyForDeploymentPostprocessing = 0;
		};
/* End PBXFrameworksBuildPhase section */

/* Begin PBXGroup section */
		B2594E9D2A1ED2B000AB1FCA /* View */ = {
			isa = PBXGroup;
			children = (
				B2D66ACD2A1DBC6000826DAB /* DataScannerView.swift */,
				B2C1C45B2A2046D400EF6707 /* LiveTextInteractionView.swift */,
			);
			path = View;
			sourceTree = "<group>";
		};
		B2594E9E2A1ED2B700AB1FCA /* ViewModel */ = {
			isa = PBXGroup;
			children = (
				B2D66ACB2A1DBC4E00826DAB /* ScannerViewModel.swift */,
			);
			path = ViewModel;
			sourceTree = "<group>";
		};
		B2D66AB12A1DBC2000826DAB = {
			isa = PBXGroup;
			children = (
				B2D66ABC2A1DBC2000826DAB /* Muhtas2Proje */,
				B2D66ABB2A1DBC2000826DAB /* Products */,
			);
			sourceTree = "<group>";
		};
		B2D66ABB2A1DBC2000826DAB /* Products */ = {
			isa = PBXGroup;
			children = (
				B2D66ABA2A1DBC2000826DAB /* Muhtas2Proje.app */,
			);
			name = Products;
			sourceTree = "<group>";
		};
		B2D66ABC2A1DBC2000826DAB /* Muhtas2Proje */ = {
			isa = PBXGroup;
			children = (
				B2C1C45D2A22E5C700EF6707 /* Info.plist */,
				B2D66ABD2A1DBC2000826DAB /* Muhtas2ProjeApp.swift */,
				B2D66ABF2A1DBC2000826DAB /* ContentView.swift */,
				B2594E9D2A1ED2B000AB1FCA /* View */,
				B2594E9E2A1ED2B700AB1FCA /* ViewModel */,
				B2D66AC12A1DBC2100826DAB /* Assets.xcassets */,
				B2D66AC32A1DBC2100826DAB /* Preview Content */,
			);
			path = Muhtas2Proje;
			sourceTree = "<group>";
		};
		B2D66AC32A1DBC2100826DAB /* Preview Content */ = {
			isa = PBXGroup;
			children = (
				B2D66AC42A1DBC2100826DAB /* Preview Assets.xcassets */,
			);
			path = "Preview Content";
			sourceTree = "<group>";
		};
/* End PBXGroup section */

/* Begin PBXNativeTarget section */
		B2D66AB92A1DBC2000826DAB /* Muhtas2Proje */ = {
			isa = PBXNativeTarget;
			buildConfigurationList = B2D66AC82A1DBC2100826DAB /* Build configuration list for PBXNativeTarget "Muhtas2Proje" */;
			buildPhases = (
				B2D66AB62A1DBC2000826DAB /* Sources */,
				B2D66AB72A1DBC2000826DAB /* Frameworks */,
				B2D66AB82A1DBC2000826DAB /* Resources */,
			);
			buildRules = (
			);
			dependencies = (
			);
			name = Muhtas2Proje;
			productName = Muhtas2Proje;
			productReference = B2D66ABA2A1DBC2000826DAB /* Muhtas2Proje.app */;
			productType = "com.apple.product-type.application";
		};
/* End PBXNativeTarget section */

/* Begin PBXProject section */
		B2D66AB22A1DBC2000826DAB /* Project object */ = {
			isa = PBXProject;
			attributes = {
				BuildIndependentTargetsInParallel = 1;
				LastSwiftUpdateCheck = 1430;
				LastUpgradeCheck = 1430;
				TargetAttributes = {
					B2D66AB92A1DBC2000826DAB = {
						CreatedOnToolsVersion = 14.3;
					};
				};
			};
			buildConfigurationList = B2D66AB52A1DBC2000826DAB /* Build configuration list for PBXProject "Muhtas2Proje" */;
			compatibilityVersion = "Xcode 14.0";
			developmentRegion = en;
			hasScannedForEncodings = 0;
			knownRegions = (
				en,
				Base,
			);
			mainGroup = B2D66AB12A1DBC2000826DAB;
			productRefGroup = B2D66ABB2A1DBC2000826DAB /* Products */;
			projectDirPath = "";
			projectRoot = "";
			targets = (
				B2D66AB92A1DBC2000826DAB /* Muhtas2Proje */,
			);
		};
/* End PBXProject section */

/* Begin PBXResourcesBuildPhase section */
		B2D66AB82A1DBC2000826DAB /* Resources */ = {
			isa = PBXResourcesBuildPhase;
			buildActionMask = 2147483647;
			files = (
				B2D66AC52A1DBC2100826DAB /* Preview Assets.xcassets in Resources */,
				B2D66AC22A1DBC2100826DAB /* Assets.xcassets in Resources */,
			);
			runOnlyForDeploymentPostprocessing = 0;
		};
/* End PBXResourcesBuildPhase section */

/* Begin PBXSourcesBuildPhase section */
		B2D66AB62A1DBC2000826DAB /* Sources */ = {
			isa = PBXSourcesBuildPhase;
			buildActionMask = 2147483647;
			files = (
				B2D66AC02A1DBC2000826DAB /* ContentView.swift in Sources */,
				B2D66ACC2A1DBC4E00826DAB /* ScannerViewModel.swift in Sources */,
				B2C1C45C2A2046D400EF6707 /* LiveTextInteractionView.swift in Sources */,
				B2D66ABE2A1DBC2000826DAB /* Muhtas2ProjeApp.swift in Sources */,
				B2D66ACE2A1DBC6000826DAB /* DataScannerView.swift in Sources */,
			);
			runOnlyForDeploymentPostprocessing = 0;
		};
/* End PBXSourcesBuildPhase section */

/* Begin XCBuildConfiguration section */
		B2D66AC62A1DBC2100826DAB /* Debug */ = {
			isa = XCBuildConfiguration;
			buildSettings = {
				ALWAYS_SEARCH_USER_PATHS = NO;
				CLANG_ANALYZER_NONNULL = YES;
				CLANG_ANALYZER_NUMBER_OBJECT_CONVERSION = YES_AGGRESSIVE;
				CLANG_CXX_LANGUAGE_STANDARD = "gnu++20";
				CLANG_ENABLE_MODULES = YES;
				CLANG_ENABLE_OBJC_ARC = YES;
				CLANG_ENABLE_OBJC_WEAK = YES;
				CLANG_WARN_BLOCK_CAPTURE_AUTORELEASING = YES;
				CLANG_WARN_BOOL_CONVERSION = YES;
				CLANG_WARN_COMMA = YES;
				CLANG_WARN_CONSTANT_CONVERSION = YES;
				CLANG_WARN_DEPRECATED_OBJC_IMPLEMENTATIONS = YES;
				CLANG_WARN_DIRECT_OBJC_ISA_USAGE = YES_ERROR;
				CLANG_WARN_DOCUMENTATION_COMMENTS = YES;
				CLANG_WARN_EMPTY_BODY = YES;
				CLANG_WARN_ENUM_CONVERSION = YES;
				CLANG_WARN_INFINITE_RECURSION = YES;
				CLANG_WARN_INT_CONVERSION = YES;
				CLANG_WARN_NON_LITERAL_NULL_CONVERSION = YES;
				CLANG_WARN_OBJC_IMPLICIT_RETAIN_SELF = YES;
				CLANG_WARN_OBJC_LITERAL_CONVERSION = YES;
				CLANG_WARN_OBJC_ROOT_CLASS = YES_ERROR;
				CLANG_WARN_QUOTED_INCLUDE_IN_FRAMEWORK_HEADER = YES;
				CLANG_WARN_RANGE_LOOP_ANALYSIS = YES;
				CLANG_WARN_STRICT_PROTOTYPES = YES;
				CLANG_WARN_SUSPICIOUS_MOVE = YES;
				CLANG_WARN_UNGUARDED_AVAILABILITY = YES_AGGRESSIVE;
				CLANG_WARN_UNREACHABLE_CODE = YES;
				CLANG_WARN__DUPLICATE_METHOD_MATCH = YES;
				COPY_PHASE_STRIP = NO;
				DEBUG_INFORMATION_FORMAT = dwarf;
				ENABLE_STRICT_OBJC_MSGSEND = YES;
				ENABLE_TESTABILITY = YES;
				GCC_C_LANGUAGE_STANDARD = gnu11;
				GCC_DYNAMIC_NO_PIC = NO;
				GCC_NO_COMMON_BLOCKS = YES;
				GCC_OPTIMIZATION_LEVEL = 0;
				GCC_PREPROCESSOR_DEFINITIONS = (
					"DEBUG=1",
					"$(inherited)",
				);
				GCC_WARN_64_TO_32_BIT_CONVERSION = YES;
				GCC_WARN_ABOUT_RETURN_TYPE = YES_ERROR;
				GCC_WARN_UNDECLARED_SELECTOR = YES;
				GCC_WARN_UNINITIALIZED_AUTOS = YES_AGGRESSIVE;
				GCC_WARN_UNUSED_FUNCTION = YES;
				GCC_WARN_UNUSED_VARIABLE = YES;
				IPHONEOS_DEPLOYMENT_TARGET = 16.4;
				MTL_ENABLE_DEBUG_INFO = INCLUDE_SOURCE;
				MTL_FAST_MATH = YES;
				ONLY_ACTIVE_ARCH = YES;
				SDKROOT = iphoneos;
				SWIFT_ACTIVE_COMPILATION_CONDITIONS = DEBUG;
				SWIFT_OPTIMIZATION_LEVEL = "-Onone";
			};
			name = Debug;
		};
		B2D66AC72A1DBC2100826DAB /* Release */ = {
			isa = XCBuildConfiguration;
			buildSettings = {
				ALWAYS_SEARCH_USER_PATHS = NO;
				CLANG_ANALYZER_NONNULL = YES;
				CLANG_ANALYZER_NUMBER_OBJECT_CONVERSION = YES_AGGRESSIVE;
				CLANG_CXX_LANGUAGE_STANDARD = "gnu++20";
				CLANG_ENABLE_MODULES = YES;
				CLANG_ENABLE_OBJC_ARC = YES;
				CLANG_ENABLE_OBJC_WEAK = YES;
				CLANG_WARN_BLOCK_CAPTURE_AUTORELEASING = YES;
				CLANG_WARN_BOOL_CONVERSION = YES;
				CLANG_WARN_COMMA = YES;
				CLANG_WARN_CONSTANT_CONVERSION = YES;
				CLANG_WARN_DEPRECATED_OBJC_IMPLEMENTATIONS = YES;
				CLANG_WARN_DIRECT_OBJC_ISA_USAGE = YES_ERROR;
				CLANG_WARN_DOCUMENTATION_COMMENTS = YES;
				CLANG_WARN_EMPTY_BODY = YES;
				CLANG_WARN_ENUM_CONVERSION = YES;
				CLANG_WARN_INFINITE_RECURSION = YES;
				CLANG_WARN_INT_CONVERSION = YES;
				CLANG_WARN_NON_LITERAL_NULL_CONVERSION = YES;
				CLANG_WARN_OBJC_IMPLICIT_RETAIN_SELF = YES;
				CLANG_WARN_OBJC_LITERAL_CONVERSION = YES;
				CLANG_WARN_OBJC_ROOT_CLASS = YES_ERROR;
				CLANG_WARN_QUOTED_INCLUDE_IN_FRAMEWORK_HEADER = YES;
				CLANG_WARN_RANGE_LOOP_ANALYSIS = YES;
				CLANG_WARN_STRICT_PROTOTYPES = YES;
				CLANG_WARN_SUSPICIOUS_MOVE = YES;
				CLANG_WARN_UNGUARDED_AVAILABILITY = YES_AGGRESSIVE;
				CLANG_WARN_UNREACHABLE_CODE = YES;
				CLANG_WARN__DUPLICATE_METHOD_MATCH = YES;
				COPY_PHASE_STRIP = NO;
				DEBUG_INFORMATION_FORMAT = "dwarf-with-dsym";
				ENABLE_NS_ASSERTIONS = NO;
				ENABLE_STRICT_OBJC_MSGSEND = YES;
				GCC_C_LANGUAGE_STANDARD = gnu11;
				GCC_NO_COMMON_BLOCKS = YES;
				GCC_WARN_64_TO_32_BIT_CONVERSION = YES;
				GCC_WARN_ABOUT_RETURN_TYPE = YES_ERROR;
				GCC_WARN_UNDECLARED_SELECTOR = YES;
				GCC_WARN_UNINITIALIZED_AUTOS = YES_AGGRESSIVE;
				GCC_WARN_UNUSED_FUNCTION = YES;
				GCC_WARN_UNUSED_VARIABLE = YES;
				IPHONEOS_DEPLOYMENT_TARGET = 16.4;
				MTL_ENABLE_DEBUG_INFO = NO;
				MTL_FAST_MATH = YES;
				SDKROOT = iphoneos;
				SWIFT_COMPILATION_MODE = wholemodule;
				SWIFT_OPTIMIZATION_LEVEL = "-O";
				VALIDATE_PRODUCT = YES;
			};
			name = Release;
		};
		B2D66AC92A1DBC2100826DAB /* Debug */ = {
			isa = XCBuildConfiguration;
			buildSettings = {
				ASSETCATALOG_COMPILER_APPICON_NAME = AppIcon;
				ASSETCATALOG_COMPILER_GLOBAL_ACCENT_COLOR_NAME = AccentColor;
				CODE_SIGN_STYLE = Automatic;
				CURRENT_PROJECT_VERSION = 1;
				DEVELOPMENT_ASSET_PATHS = "\"Muhtas2Proje/Preview Content\"";
				DEVELOPMENT_TEAM = P2ZF6K649M;
				ENABLE_PREVIEWS = YES;
				GENERATE_INFOPLIST_FILE = YES;
				INFOPLIST_FILE = Muhtas2Proje/Info.plist;
				INFOPLIST_KEY_NSCameraUsageDescription = "This app needs camera access for scanning barcode and text";
				INFOPLIST_KEY_NSFileProviderDomainUsageDescription = Try;
				INFOPLIST_KEY_UIApplicationSceneManifest_Generation = YES;
				INFOPLIST_KEY_UIApplicationSupportsIndirectInputEvents = YES;
				INFOPLIST_KEY_UILaunchScreen_Generation = YES;
				INFOPLIST_KEY_UIRequiredDeviceCapabilities = "iphone-ipad-minimum-performance-a12";
				INFOPLIST_KEY_UISupportedInterfaceOrientations_iPad = "UIInterfaceOrientationPortrait UIInterfaceOrientationPortraitUpsideDown UIInterfaceOrientationLandscapeLeft UIInterfaceOrientationLandscapeRight";
				INFOPLIST_KEY_UISupportedInterfaceOrientations_iPhone = "UIInterfaceOrientationPortrait UIInterfaceOrientationLandscapeLeft UIInterfaceOrientationLandscapeRight";
				LD_RUNPATH_SEARCH_PATHS = (
					"$(inherited)",
					"@executable_path/Frameworks",
				);
				MARKETING_VERSION = 1.0;
				PRODUCT_BUNDLE_IDENTIFIER = com.okanro.Muhtas2Proje;
				PRODUCT_NAME = "$(TARGET_NAME)";
				SWIFT_EMIT_LOC_STRINGS = YES;
				SWIFT_VERSION = 5.0;
				TARGETED_DEVICE_FAMILY = "1,2";
			};
			name = Debug;
		};
		B2D66ACA2A1DBC2100826DAB /* Release */ = {
			isa = XCBuildConfiguration;
			buildSettings = {
				ASSETCATALOG_COMPILER_APPICON_NAME = AppIcon;
				ASSETCATALOG_COMPILER_GLOBAL_ACCENT_COLOR_NAME = AccentColor;
				CODE_SIGN_STYLE = Automatic;
				CURRENT_PROJECT_VERSION = 1;
				DEVELOPMENT_ASSET_PATHS = "\"Muhtas2Proje/Preview Content\"";
				DEVELOPMENT_TEAM = P2ZF6K649M;
				ENABLE_PREVIEWS = YES;
				GENERATE_INFOPLIST_FILE = YES;
				INFOPLIST_FILE = Muhtas2Proje/Info.plist;
				INFOPLIST_KEY_NSCameraUsageDescription = "This app needs camera access for scanning barcode and text";
				INFOPLIST_KEY_NSFileProviderDomainUsageDescription = Try;
				INFOPLIST_KEY_UIApplicationSceneManifest_Generation = YES;
				INFOPLIST_KEY_UIApplicationSupportsIndirectInputEvents = YES;
				INFOPLIST_KEY_UILaunchScreen_Generation = YES;
				INFOPLIST_KEY_UIRequiredDeviceCapabilities = "iphone-ipad-minimum-performance-a12";
				INFOPLIST_KEY_UISupportedInterfaceOrientations_iPad = "UIInterfaceOrientationPortrait UIInterfaceOrientationPortraitUpsideDown UIInterfaceOrientationLandscapeLeft UIInterfaceOrientationLandscapeRight";
				INFOPLIST_KEY_UISupportedInterfaceOrientations_iPhone = "UIInterfaceOrientationPortrait UIInterfaceOrientationLandscapeLeft UIInterfaceOrientationLandscapeRight";
				LD_RUNPATH_SEARCH_PATHS = (
					"$(inherited)",
					"@executable_path/Frameworks",
				);
				MARKETING_VERSION = 1.0;
				PRODUCT_BUNDLE_IDENTIFIER = com.okanro.Muhtas2Proje;
				PRODUCT_NAME = "$(TARGET_NAME)";
				SWIFT_EMIT_LOC_STRINGS = YES;
				SWIFT_VERSION = 5.0;
				TARGETED_DEVICE_FAMILY = "1,2";
			};
			name = Release;
		};
/* End XCBuildConfiguration section */

/* Begin XCConfigurationList section */
		B2D66AB52A1DBC2000826DAB /* Build configuration list for PBXProject "Muhtas2Proje" */ = {
			isa = XCConfigurationList;
			buildConfigurations = (
				B2D66AC62A1DBC2100826DAB /* Debug */,
				B2D66AC72A1DBC2100826DAB /* Release */,
			);
			defaultConfigurationIsVisible = 0;
			defaultConfigurationName = Release;
		};
		B2D66AC82A1DBC2100826DAB /* Build configuration list for PBXNativeTarget "Muhtas2Proje" */ = {
			isa = XCConfigurationList;
			buildConfigurations = (
				B2D66AC92A1DBC2100826DAB /* Debug */,
				B2D66ACA2A1DBC2100826DAB /* Release */,
			);
			defaultConfigurationIsVisible = 0;
			defaultConfigurationName = Release;
		};
/* End XCConfigurationList section */
	};
	rootObject = B2D66AB22A1DBC2000826DAB /* Project object */;
}
